
Microsoft Visual Studio Solution File, Format Version 12.00
# Visual Studio Version 16
VisualStudioVersion = 16.0.29123.88
MinimumVisualStudioVersion = 10.0.40219.1
Project("{FAE04EC0-301F-11D3-BF4B-00C04F79EFBC}") = "P01_StudentSystem", "P01_StudentSystem\P01_StudentSystem.csproj", "{A5276547-F23E-4532-BC36-D1F8518157C6}"
EndProject
Project("{FAE04EC0-301F-11D3-BF4B-00C04F79EFBC}") = "P03_FootballBetting", "P03_FootballBetting\P03_FootballBetting.csproj", "{4A24D331-60BD-49A9-BE37-918B2394D9D6}"
EndProject
Global
	GlobalSection(SolutionConfigurationPlatforms) = preSolution
		Debug|Any CPU = Debug|Any CPU
		Release|Any CPU = Release|Any CPU
	EndGlobalSection
	GlobalSection(ProjectConfigurationPlatforms) = postSolution
		{A5276547-F23E-4532-BC36-D1F8518157C6}.Debug|Any CPU.ActiveCfg = Debug|Any CPU
		{A5276547-F23E-4532-BC36-D1F8518157C6}.Debug|Any CPU.Build.0 = Debug|Any CPU
		{A5276547-F23E-4532-BC36-D1F8518157C6}.Release|Any CPU.ActiveCfg = Release|Any CPU
		{A5276547-F23E-4532-BC36-D1F8518157C6}.Release|Any CPU.Build.0 = Release|Any CPU
		{4A24D331-60BD-49A9-BE37-918B2394D9D6}.Debug|Any CPU.ActiveCfg = Debug|Any CPU
		{4A24D331-60BD-49A9-BE37-918B2394D9D6}.Debug|Any CPU.Build.0 = Debug|Any CPU
		{4A24D331-60BD-49A9-BE37-918B2394D9D6}.Release|Any CPU.ActiveCfg = Release|Any CPU
		{4A24D331-60BD-49A9-BE37-918B2394D9D6}.Release|Any CPU.Build.0 = Release|Any CPU
	EndGlobalSection
	GlobalSection(SolutionProperties) = preSolution
		HideSolutionNode = FALSE
	EndGlobalSection
	GlobalSection(ExtensibilityGlobals) = postSolution
		SolutionGuid = {9FA82A40-372E-44D9-B039-D1527636878F}
	EndGlobalSection
EndGlobal
